
Microsoft Visual Studio Solution File, Format Version 12.00
# Visual Studio Version 17
VisualStudioVersion = 17.7.34221.43
MinimumVisualStudioVersion = 10.0.40219.1
Project("{FAE04EC0-301F-11D3-BF4B-00C04F79EFBC}") = "LocadoraCarros", "LocadoraCarros\LocadoraCarros.csproj", "{3FC5522E-AE25-4BF1-8076-6B32D8A30133}"
EndProject
Global
	GlobalSection(SolutionConfigurationPlatforms) = preSolution
		Debug|Any CPU = Debug|Any CPU
		Release|Any CPU = Release|Any CPU
	EndGlobalSection
	GlobalSection(ProjectConfigurationPlatforms) = postSolution
		{3FC5522E-AE25-4BF1-8076-6B32D8A30133}.Debug|Any CPU.ActiveCfg = Debug|Any CPU
		{3FC5522E-AE25-4BF1-8076-6B32D8A30133}.Debug|Any CPU.Build.0 = Debug|Any CPU
		{3FC5522E-AE25-4BF1-8076-6B32D8A30133}.Release|Any CPU.ActiveCfg = Release|Any CPU
		{3FC5522E-AE25-4BF1-8076-6B32D8A30133}.Release|Any CPU.Build.0 = Release|Any CPU
	EndGlobalSection
	GlobalSection(SolutionProperties) = preSolution
		HideSolutionNode = FALSE
	EndGlobalSection
	GlobalSection(ExtensibilityGlobals) = postSolution
		SolutionGuid = {6EB29B44-2CB6-4165-A22E-E84B71E282C3}
	EndGlobalSection
EndGlobal
